
Microsoft Visual Studio Solution File, Format Version 12.00
# Visual Studio Version 17
VisualStudioVersion = 17.4.33205.214
MinimumVisualStudioVersion = 10.0.40219.1
Project("{FAE04EC0-301F-11D3-BF4B-00C04F79EFBC}") = "TravelAgency.ApiGateway", "TravelAgency.ApiGateway\TravelAgency.ApiGateway.csproj", "{37B4BF67-AEBF-4EE3-8366-8C8A2B538FAF}"
EndProject
Project("{E53339B2-1760-4266-BCC7-CA923CBCF16C}") = "docker-compose", "docker-compose.dcproj", "{430ED364-416F-4B07-8B2C-D30914E207F2}"
EndProject
Global
	GlobalSection(SolutionConfigurationPlatforms) = preSolution
		Debug|Any CPU = Debug|Any CPU
		Release|Any CPU = Release|Any CPU
	EndGlobalSection
	GlobalSection(ProjectConfigurationPlatforms) = postSolution
		{37B4BF67-AEBF-4EE3-8366-8C8A2B538FAF}.Debug|Any CPU.ActiveCfg = Debug|Any CPU
		{37B4BF67-AEBF-4EE3-8366-8C8A2B538FAF}.Debug|Any CPU.Build.0 = Debug|Any CPU
		{37B4BF67-AEBF-4EE3-8366-8C8A2B538FAF}.Release|Any CPU.ActiveCfg = Release|Any CPU
		{37B4BF67-AEBF-4EE3-8366-8C8A2B538FAF}.Release|Any CPU.Build.0 = Release|Any CPU
		{430ED364-416F-4B07-8B2C-D30914E207F2}.Debug|Any CPU.ActiveCfg = Debug|Any CPU
		{430ED364-416F-4B07-8B2C-D30914E207F2}.Debug|Any CPU.Build.0 = Debug|Any CPU
		{430ED364-416F-4B07-8B2C-D30914E207F2}.Release|Any CPU.ActiveCfg = Release|Any CPU
		{430ED364-416F-4B07-8B2C-D30914E207F2}.Release|Any CPU.Build.0 = Release|Any CPU
	EndGlobalSection
	GlobalSection(SolutionProperties) = preSolution
		HideSolutionNode = FALSE
	EndGlobalSection
	GlobalSection(ExtensibilityGlobals) = postSolution
		SolutionGuid = {5F3FE739-5589-4358-B7AF-0B400255BD18}
	EndGlobalSection
EndGlobal
